// !$*UTF8*$!
{
	archiveVersion = 1;
	classes = {
	};
	objectVersion = 50;
	objects = {

/* Begin PBXBuildFile section */
		04B4D1A421D5755700451833 /* math.cpp in Sources */ = {isa = PBXBuildFile; fileRef = 04B4D19B21D5755700451833 /* math.cpp */; };
		04B4D1A521D5755700451833 /* gfx.cpp in Sources */ = {isa = PBXBuildFile; fileRef = 04B4D1A021D5755700451833 /* gfx.cpp */; };
		04E6865721D6A4E2004CED66 /* common.cpp in Sources */ = {isa = PBXBuildFile; fileRef = 049D916321D632EE00792CBD /* common.cpp */; };
		04E6865821D6A4E2004CED66 /* level.cpp in Sources */ = {isa = PBXBuildFile; fileRef = 049D915E21D632EE00792CBD /* level.cpp */; };
		04E6865921D6A4E2004CED66 /* pieces.cpp in Sources */ = {isa = PBXBuildFile; fileRef = 049D916121D632EE00792CBD /* pieces.cpp */; };
		04E6866B21D7AA9A004CED66 /* data.cpp in Sources */ = {isa = PBXBuildFile; fileRef = 04E6866921D7AA9A004CED66 /* data.cpp */; };
		04E6866C21D7AA9A004CED66 /* main.cpp in Sources */ = {isa = PBXBuildFile; fileRef = 04E6866A21D7AA9A004CED66 /* main.cpp */; };
/* End PBXBuildFile section */

/* Begin PBXCopyFilesBuildPhase section */
		04B4D18921D5751F00451833 /* CopyFiles */ = {
			isa = PBXCopyFilesBuildPhase;
			buildActionMask = 2147483647;
			dstPath = /usr/share/man/man1/;
			dstSubfolderSpec = 0;
			files = (
			);
			runOnlyForDeploymentPostprocessing = 1;
		};
/* End PBXCopyFilesBuildPhase section */

/* Begin PBXFileReference section */
		049D915E21D632EE00792CBD /* level.cpp */ = {isa = PBXFileReference; lastKnownFileType = sourcecode.cpp.cpp; path = level.cpp; sourceTree = "<group>"; };
		049D915F21D632EE00792CBD /* level.h */ = {isa = PBXFileReference; lastKnownFileType = sourcecode.c.h; path = level.h; sourceTree = "<group>"; };
		049D916021D632EE00792CBD /* pieces.h */ = {isa = PBXFileReference; lastKnownFileType = sourcecode.c.h; path = pieces.h; sourceTree = "<group>"; };
		049D916121D632EE00792CBD /* pieces.cpp */ = {isa = PBXFileReference; lastKnownFileType = sourcecode.cpp.cpp; path = pieces.cpp; sourceTree = "<group>"; };
		049D916321D632EE00792CBD /* common.cpp */ = {isa = PBXFileReference; lastKnownFileType = sourcecode.cpp.cpp; path = common.cpp; sourceTree = "<group>"; };
		049D916421D632EE00792CBD /* common.h */ = {isa = PBXFileReference; lastKnownFileType = sourcecode.c.h; path = common.h; sourceTree = "<group>"; };
		04B4D18B21D5751F00451833 /* gba-lib-wrapper */ = {isa = PBXFileReference; explicitFileType = "compiled.mach-o.executable"; includeInIndex = 0; path = "gba-lib-wrapper"; sourceTree = BUILT_PRODUCTS_DIR; };
		04B4D19721D5755700451833 /* bg.h */ = {isa = PBXFileReference; fileEncoding = 4; lastKnownFileType = sourcecode.c.h; path = bg.h; sourceTree = "<group>"; };
		04B4D19821D5755700451833 /* gfx.h */ = {isa = PBXFileReference; fileEncoding = 4; lastKnownFileType = sourcecode.c.h; path = gfx.h; sourceTree = "<group>"; };
		04B4D19921D5755700451833 /* keypad.h */ = {isa = PBXFileReference; fileEncoding = 4; lastKnownFileType = sourcecode.c.h; path = keypad.h; sourceTree = "<group>"; };
		04B4D19B21D5755700451833 /* math.cpp */ = {isa = PBXFileReference; fileEncoding = 4; lastKnownFileType = sourcecode.cpp.cpp; path = math.cpp; sourceTree = "<group>"; };
		04B4D19C21D5755700451833 /* math.h */ = {isa = PBXFileReference; fileEncoding = 4; lastKnownFileType = sourcecode.c.h; path = math.h; sourceTree = "<group>"; };
		04B4D19D21D5755700451833 /* oam.h */ = {isa = PBXFileReference; fileEncoding = 4; lastKnownFileType = sourcecode.c.h; path = oam.h; sourceTree = "<group>"; };
		04B4D19E21D5755700451833 /* common.h */ = {isa = PBXFileReference; fileEncoding = 4; lastKnownFileType = sourcecode.c.h; path = common.h; sourceTree = "<group>"; };
		04B4D19F21D5755700451833 /* fixed_point.h */ = {isa = PBXFileReference; fileEncoding = 4; lastKnownFileType = sourcecode.c.h; path = fixed_point.h; sourceTree = "<group>"; };
		04B4D1A021D5755700451833 /* gfx.cpp */ = {isa = PBXFileReference; fileEncoding = 4; lastKnownFileType = sourcecode.cpp.cpp; path = gfx.cpp; sourceTree = "<group>"; };
		04B4D1A621D5881700451833 /* timer.h */ = {isa = PBXFileReference; lastKnownFileType = sourcecode.c.h; path = timer.h; sourceTree = "<group>"; };
		04E6866821D7AA9A004CED66 /* data.h */ = {isa = PBXFileReference; fileEncoding = 4; lastKnownFileType = sourcecode.c.h; path = data.h; sourceTree = "<group>"; };
		04E6866921D7AA9A004CED66 /* data.cpp */ = {isa = PBXFileReference; fileEncoding = 4; lastKnownFileType = sourcecode.cpp.cpp; path = data.cpp; sourceTree = "<group>"; };
		04E6866A21D7AA9A004CED66 /* main.cpp */ = {isa = PBXFileReference; fileEncoding = 4; lastKnownFileType = sourcecode.cpp.cpp; path = main.cpp; sourceTree = "<group>"; };
/* End PBXFileReference section */

/* Begin PBXFrameworksBuildPhase section */
		04B4D18821D5751F00451833 /* Frameworks */ = {
			isa = PBXFrameworksBuildPhase;
			buildActionMask = 2147483647;
			files = (
			);
			runOnlyForDeploymentPostprocessing = 0;
		};
/* End PBXFrameworksBuildPhase section */

/* Begin PBXGroup section */
		049D915D21D632EE00792CBD /* core */ = {
			isa = PBXGroup;
			children = (
				049D915E21D632EE00792CBD /* level.cpp */,
				049D915F21D632EE00792CBD /* level.h */,
				049D916021D632EE00792CBD /* pieces.h */,
				049D916121D632EE00792CBD /* pieces.cpp */,
			);
			name = core;
			path = ../../../../../src/core;
			sourceTree = "<group>";
		};
		049D916221D632EE00792CBD /* common */ = {
			isa = PBXGroup;
			children = (
				049D916321D632EE00792CBD /* common.cpp */,
				049D916421D632EE00792CBD /* common.h */,
			);
			name = common;
			path = ../../../../../src/common;
			sourceTree = "<group>";
		};
		04B4D18221D5751F00451833 = {
			isa = PBXGroup;
			children = (
				04E6866721D7AA9A004CED66 /* gba */,
				049D916221D632EE00792CBD /* common */,
				049D915D21D632EE00792CBD /* core */,
				04B4D19521D5754F00451833 /* gba */,
				04B4D18C21D5751F00451833 /* Products */,
			);
			sourceTree = "<group>";
		};
		04B4D18C21D5751F00451833 /* Products */ = {
			isa = PBXGroup;
			children = (
				04B4D18B21D5751F00451833 /* gba-lib-wrapper */,
			);
			name = Products;
			sourceTree = "<group>";
		};
		04B4D19521D5754F00451833 /* gba */ = {
			isa = PBXGroup;
			children = (
				04B4D19721D5755700451833 /* bg.h */,
				04B4D19E21D5755700451833 /* common.h */,
				04B4D19F21D5755700451833 /* fixed_point.h */,
				04B4D1A021D5755700451833 /* gfx.cpp */,
				04B4D19821D5755700451833 /* gfx.h */,
				04B4D19921D5755700451833 /* keypad.h */,
				04B4D1A621D5881700451833 /* timer.h */,
				04B4D19B21D5755700451833 /* math.cpp */,
				04B4D19C21D5755700451833 /* math.h */,
				04B4D19D21D5755700451833 /* oam.h */,
			);
			name = gba;
			path = ../../../source;
			sourceTree = SOURCE_ROOT;
		};
		04E6866721D7AA9A004CED66 /* gba */ = {
			isa = PBXGroup;
			children = (
				04E6866821D7AA9A004CED66 /* data.h */,
				04E6866921D7AA9A004CED66 /* data.cpp */,
				04E6866A21D7AA9A004CED66 /* main.cpp */,
			);
			name = gba;
			path = ../../../../../src/platforms/gba;
			sourceTree = "<group>";
		};
/* End PBXGroup section */

/* Begin PBXNativeTarget section */
		04B4D18A21D5751F00451833 /* gba-lib-wrapper */ = {
			isa = PBXNativeTarget;
			buildConfigurationList = 04B4D19221D5751F00451833 /* Build configuration list for PBXNativeTarget "gba-lib-wrapper" */;
			buildPhases = (
				04B4D18721D5751F00451833 /* Sources */,
				04B4D18821D5751F00451833 /* Frameworks */,
				04B4D18921D5751F00451833 /* CopyFiles */,
			);
			buildRules = (
			);
			dependencies = (
			);
			name = "gba-lib-wrapper";
			productName = "gba-lib-wrapper";
			productReference = 04B4D18B21D5751F00451833 /* gba-lib-wrapper */;
			productType = "com.apple.product-type.tool";
		};
/* End PBXNativeTarget section */

/* Begin PBXProject section */
		04B4D18321D5751F00451833 /* Project object */ = {
			isa = PBXProject;
			attributes = {
				LastUpgradeCheck = 1010;
				ORGANIZATIONNAME = Jack;
				TargetAttributes = {
					04B4D18A21D5751F00451833 = {
						CreatedOnToolsVersion = 10.1;
					};
				};
			};
			buildConfigurationList = 04B4D18621D5751F00451833 /* Build configuration list for PBXProject "gba-lib-wrapper" */;
			compatibilityVersion = "Xcode 9.3";
			developmentRegion = en;
			hasScannedForEncodings = 0;
			knownRegions = (
				en,
			);
			mainGroup = 04B4D18221D5751F00451833;
			productRefGroup = 04B4D18C21D5751F00451833 /* Products */;
			projectDirPath = "";
			projectRoot = "";
			targets = (
				04B4D18A21D5751F00451833 /* gba-lib-wrapper */,
			);
		};
/* End PBXProject section */

/* Begin PBXSourcesBuildPhase section */
		04B4D18721D5751F00451833 /* Sources */ = {
			isa = PBXSourcesBuildPhase;
			buildActionMask = 2147483647;
			files = (
				04E6865721D6A4E2004CED66 /* common.cpp in Sources */,
				04E6865821D6A4E2004CED66 /* level.cpp in Sources */,
				04E6865921D6A4E2004CED66 /* pieces.cpp in Sources */,
				04B4D1A521D5755700451833 /* gfx.cpp in Sources */,
				04B4D1A421D5755700451833 /* math.cpp in Sources */,
				04E6866B21D7AA9A004CED66 /* data.cpp in Sources */,
				04E6866C21D7AA9A004CED66 /* main.cpp in Sources */,
			);
			runOnlyForDeploymentPostprocessing = 0;
		};
/* End PBXSourcesBuildPhase section */

/* Begin XCBuildConfiguration section */
		04B4D19021D5751F00451833 /* Debug */ = {
			isa = XCBuildConfiguration;
			buildSettings = {
				ALWAYS_SEARCH_USER_PATHS = NO;
				CLANG_ANALYZER_NONNULL = YES;
				CLANG_ANALYZER_NUMBER_OBJECT_CONVERSION = YES_AGGRESSIVE;
				CLANG_CXX_LANGUAGE_STANDARD = "gnu++14";
				CLANG_CXX_LIBRARY = "libc++";
				CLANG_ENABLE_MODULES = YES;
				CLANG_ENABLE_OBJC_ARC = YES;
				CLANG_ENABLE_OBJC_WEAK = YES;
				CLANG_WARN_BLOCK_CAPTURE_AUTORELEASING = YES;
				CLANG_WARN_BOOL_CONVERSION = YES;
				CLANG_WARN_COMMA = YES;
				CLANG_WARN_CONSTANT_CONVERSION = YES;
				CLANG_WARN_DEPRECATED_OBJC_IMPLEMENTATIONS = YES;
				CLANG_WARN_DIRECT_OBJC_ISA_USAGE = YES_ERROR;
				CLANG_WARN_DOCUMENTATION_COMMENTS = YES;
				CLANG_WARN_EMPTY_BODY = YES;
				CLANG_WARN_ENUM_CONVERSION = YES;
				CLANG_WARN_INFINITE_RECURSION = YES;
				CLANG_WARN_INT_CONVERSION = YES;
				CLANG_WARN_NON_LITERAL_NULL_CONVERSION = YES;
				CLANG_WARN_OBJC_IMPLICIT_RETAIN_SELF = YES;
				CLANG_WARN_OBJC_LITERAL_CONVERSION = YES;
				CLANG_WARN_OBJC_ROOT_CLASS = YES_ERROR;
				CLANG_WARN_RANGE_LOOP_ANALYSIS = YES;
				CLANG_WARN_STRICT_PROTOTYPES = YES;
				CLANG_WARN_SUSPICIOUS_MOVE = YES;
				CLANG_WARN_UNGUARDED_AVAILABILITY = YES_AGGRESSIVE;
				CLANG_WARN_UNREACHABLE_CODE = YES;
				CLANG_WARN__DUPLICATE_METHOD_MATCH = YES;
				CODE_SIGN_IDENTITY = "-";
				COPY_PHASE_STRIP = NO;
				DEBUG_INFORMATION_FORMAT = dwarf;
				ENABLE_STRICT_OBJC_MSGSEND = YES;
				ENABLE_TESTABILITY = YES;
				GCC_C_LANGUAGE_STANDARD = gnu11;
				GCC_DYNAMIC_NO_PIC = NO;
				GCC_NO_COMMON_BLOCKS = YES;
				GCC_OPTIMIZATION_LEVEL = 0;
				GCC_PREPROCESSOR_DEFINITIONS = (
					"DEBUG=1",
					"$(inherited)",
				);
				GCC_WARN_64_TO_32_BIT_CONVERSION = YES;
				GCC_WARN_ABOUT_RETURN_TYPE = YES_ERROR;
				GCC_WARN_UNDECLARED_SELECTOR = YES;
				GCC_WARN_UNINITIALIZED_AUTOS = YES_AGGRESSIVE;
				GCC_WARN_UNUSED_FUNCTION = YES;
				GCC_WARN_UNUSED_VARIABLE = YES;
				MACOSX_DEPLOYMENT_TARGET = 10.13;
				MTL_ENABLE_DEBUG_INFO = INCLUDE_SOURCE;
				MTL_FAST_MATH = YES;
				ONLY_ACTIVE_ARCH = YES;
				SDKROOT = macosx;
			};
			name = Debug;
		};
		04B4D19121D5751F00451833 /* Release */ = {
			isa = XCBuildConfiguration;
			buildSettings = {
				ALWAYS_SEARCH_USER_PATHS = NO;
				CLANG_ANALYZER_NONNULL = YES;
				CLANG_ANALYZER_NUMBER_OBJECT_CONVERSION = YES_AGGRESSIVE;
				CLANG_CXX_LANGUAGE_STANDARD = "gnu++14";
				CLANG_CXX_LIBRARY = "libc++";
				CLANG_ENABLE_MODULES = YES;
				CLANG_ENABLE_OBJC_ARC = YES;
				CLANG_ENABLE_OBJC_WEAK = YES;
				CLANG_WARN_BLOCK_CAPTURE_AUTORELEASING = YES;
				CLANG_WARN_BOOL_CONVERSION = YES;
				CLANG_WARN_COMMA = YES;
				CLANG_WARN_CONSTANT_CONVERSION = YES;
				CLANG_WARN_DEPRECATED_OBJC_IMPLEMENTATIONS = YES;
				CLANG_WARN_DIRECT_OBJC_ISA_USAGE = YES_ERROR;
				CLANG_WARN_DOCUMENTATION_COMMENTS = YES;
				CLANG_WARN_EMPTY_BODY = YES;
				CLANG_WARN_ENUM_CONVERSION = YES;
				CLANG_WARN_INFINITE_RECURSION = YES;
				CLANG_WARN_INT_CONVERSION = YES;
				CLANG_WARN_NON_LITERAL_NULL_CONVERSION = YES;
				CLANG_WARN_OBJC_IMPLICIT_RETAIN_SELF = YES;
				CLANG_WARN_OBJC_LITERAL_CONVERSION = YES;
				CLANG_WARN_OBJC_ROOT_CLASS = YES_ERROR;
				CLANG_WARN_RANGE_LOOP_ANALYSIS = YES;
				CLANG_WARN_STRICT_PROTOTYPES = YES;
				CLANG_WARN_SUSPICIOUS_MOVE = YES;
				CLANG_WARN_UNGUARDED_AVAILABILITY = YES_AGGRESSIVE;
				CLANG_WARN_UNREACHABLE_CODE = YES;
				CLANG_WARN__DUPLICATE_METHOD_MATCH = YES;
				CODE_SIGN_IDENTITY = "-";
				COPY_PHASE_STRIP = NO;
				DEBUG_INFORMATION_FORMAT = "dwarf-with-dsym";
				ENABLE_NS_ASSERTIONS = NO;
				ENABLE_STRICT_OBJC_MSGSEND = YES;
				GCC_C_LANGUAGE_STANDARD = gnu11;
				GCC_NO_COMMON_BLOCKS = YES;
				GCC_WARN_64_TO_32_BIT_CONVERSION = YES;
				GCC_WARN_ABOUT_RETURN_TYPE = YES_ERROR;
				GCC_WARN_UNDECLARED_SELECTOR = YES;
				GCC_WARN_UNINITIALIZED_AUTOS = YES_AGGRESSIVE;
				GCC_WARN_UNUSED_FUNCTION = YES;
				GCC_WARN_UNUSED_VARIABLE = YES;
				MACOSX_DEPLOYMENT_TARGET = 10.13;
				MTL_ENABLE_DEBUG_INFO = NO;
				MTL_FAST_MATH = YES;
				SDKROOT = macosx;
			};
			name = Release;
		};
		04B4D19321D5751F00451833 /* Debug */ = {
			isa = XCBuildConfiguration;
			buildSettings = {
				CODE_SIGN_STYLE = Automatic;
				HEADER_SEARCH_PATHS = (
					"${SRCROOT}/../../../../../src",
					"${SRCROOT}/../../../source",
				);
				PRODUCT_NAME = "$(TARGET_NAME)";
				USE_HEADERMAP = NO;
			};
			name = Debug;
		};
		04B4D19421D5751F00451833 /* Release */ = {
			isa = XCBuildConfiguration;
			buildSettings = {
				CODE_SIGN_STYLE = Automatic;
				HEADER_SEARCH_PATHS = (
					"${SRCROOT}/../../../../../src",
					"${SRCROOT}/../../../source",
				);
				PRODUCT_NAME = "$(TARGET_NAME)";
				USE_HEADERMAP = NO;
			};
			name = Release;
		};
/* End XCBuildConfiguration section */

/* Begin XCConfigurationList section */
		04B4D18621D5751F00451833 /* Build configuration list for PBXProject "gba-lib-wrapper" */ = {
			isa = XCConfigurationList;
			buildConfigurations = (
				04B4D19021D5751F00451833 /* Debug */,
				04B4D19121D5751F00451833 /* Release */,
			);
			defaultConfigurationIsVisible = 0;
			defaultConfigurationName = Release;
		};
		04B4D19221D5751F00451833 /* Build configuration list for PBXNativeTarget "gba-lib-wrapper" */ = {
			isa = XCConfigurationList;
			buildConfigurations = (
				04B4D19321D5751F00451833 /* Debug */,
				04B4D19421D5751F00451833 /* Release */,
			);
			defaultConfigurationIsVisible = 0;
			defaultConfigurationName = Release;
		};
/* End XCConfigurationList section */
	};
	rootObject = 04B4D18321D5751F00451833 /* Project object */;
}
